<?xml version="1.0" encoding="utf-8"?>
<Project ToolsVersion="4.0" xmlns="http://schemas.microsoft.com/developer/msbuild/2003">
  <ItemGroup>
    <ClCompile Include="main.cpp" />
    <ClCompile Include="..\shared\datahandler.cpp">
      <Filter>shared</Filter>
    </ClCompile>
    <ClCompile Include="algorithm_test.cpp" />
    <ClCompile Include="paralelism.cpp" />
  </ItemGroup>
  <ItemGroup>
    <Filter Include="shared">
      <UniqueIdentifier>{8fa5a1cf-5212-42af-9ced-e2186f4d4b7f}</UniqueIdentifier>
    </Filter>
  </ItemGroup>
  <ItemGroup>
    <ClInclude Include="..\shared\datahandler.h">
      <Filter>shared</Filter>
    </ClInclude>
    <ClInclude Include="algorithm_test.h" />
    <ClInclude Include="paralelism.h" />
  </ItemGroup>
  <ItemGroup>
    <None Include="packages.config" />
  </ItemGroup>
  <ItemGroup>
    <Text Include="__dmp.txt" />
  </ItemGroup>
</Project>